
Microsoft Visual Studio Solution File, Format Version 12.00
# Visual Studio Version 16
VisualStudioVersion = 16.0.31729.503
MinimumVisualStudioVersion = 10.0.40219.1
Project("{FAE04EC0-301F-11D3-BF4B-00C04F79EFBC}") = "GitDirCompareExpander", "GitDirCompareExpander\GitDirCompareExpander.csproj", "{873B17EE-0648-4569-B914-ADBA900D9CE1}"
EndProject
Global
	GlobalSection(SolutionConfigurationPlatforms) = preSolution
		Debug|Any CPU = Debug|Any CPU
		Release|Any CPU = Release|Any CPU
	EndGlobalSection
	GlobalSection(ProjectConfigurationPlatforms) = postSolution
		{873B17EE-0648-4569-B914-ADBA900D9CE1}.Debug|Any CPU.ActiveCfg = Debug|Any CPU
		{873B17EE-0648-4569-B914-ADBA900D9CE1}.Debug|Any CPU.Build.0 = Debug|Any CPU
		{873B17EE-0648-4569-B914-ADBA900D9CE1}.Release|Any CPU.ActiveCfg = Release|Any CPU
		{873B17EE-0648-4569-B914-ADBA900D9CE1}.Release|Any CPU.Build.0 = Release|Any CPU
	EndGlobalSection
	GlobalSection(SolutionProperties) = preSolution
		HideSolutionNode = FALSE
	EndGlobalSection
	GlobalSection(ExtensibilityGlobals) = postSolution
		SolutionGuid = {61C1D92B-C0D9-47C9-9DAE-9D8D17B64E93}
	EndGlobalSection
EndGlobal
